
Microsoft Visual Studio Solution File, Format Version 12.00
# Visual Studio 2012
Project("{FAE04EC0-301F-11D3-BF4B-00C04F79EFBC}") = "BT_ArrayMax", "BT_ArrayMax\BT_ArrayMax.csproj", "{104CB6D5-A3B1-4E25-903C-2A7B520FB544}"
EndProject
Project("{FAE04EC0-301F-11D3-BF4B-00C04F79EFBC}") = "BT_13_TienDienThoai", "BT_13_TienDienThoai\BT_13_TienDienThoai.csproj", "{C665D453-6D61-4558-AC37-8C6D32C572D8}"
EndProject
Global
	GlobalSection(SolutionConfigurationPlatforms) = preSolution
		Debug|Any CPU = Debug|Any CPU
		Release|Any CPU = Release|Any CPU
	EndGlobalSection
	GlobalSection(ProjectConfigurationPlatforms) = postSolution
		{104CB6D5-A3B1-4E25-903C-2A7B520FB544}.Debug|Any CPU.ActiveCfg = Debug|Any CPU
		{104CB6D5-A3B1-4E25-903C-2A7B520FB544}.Debug|Any CPU.Build.0 = Debug|Any CPU
		{104CB6D5-A3B1-4E25-903C-2A7B520FB544}.Release|Any CPU.ActiveCfg = Release|Any CPU
		{104CB6D5-A3B1-4E25-903C-2A7B520FB544}.Release|Any CPU.Build.0 = Release|Any CPU
		{C665D453-6D61-4558-AC37-8C6D32C572D8}.Debug|Any CPU.ActiveCfg = Debug|Any CPU
		{C665D453-6D61-4558-AC37-8C6D32C572D8}.Debug|Any CPU.Build.0 = Debug|Any CPU
		{C665D453-6D61-4558-AC37-8C6D32C572D8}.Release|Any CPU.ActiveCfg = Release|Any CPU
		{C665D453-6D61-4558-AC37-8C6D32C572D8}.Release|Any CPU.Build.0 = Release|Any CPU
	EndGlobalSection
	GlobalSection(SolutionProperties) = preSolution
		HideSolutionNode = FALSE
	EndGlobalSection
EndGlobal
